
Microsoft Visual Studio Solution File, Format Version 12.00
# Visual Studio Version 16
VisualStudioVersion = 16.0.31702.278
MinimumVisualStudioVersion = 10.0.40219.1
Project("{8BC9CEB8-8B4A-11D0-8D11-00A0C91BC942}") = "GrafoDinamico", "GrafoDinamico\GrafoDinamico.vcxproj", "{17DC587B-A9A5-4AE2-AA6B-F51892C8F5C7}"
EndProject
Global
	GlobalSection(SolutionConfigurationPlatforms) = preSolution
		Debug|x64 = Debug|x64
		Debug|x86 = Debug|x86
		Release|x64 = Release|x64
		Release|x86 = Release|x86
	EndGlobalSection
	GlobalSection(ProjectConfigurationPlatforms) = postSolution
		{17DC587B-A9A5-4AE2-AA6B-F51892C8F5C7}.Debug|x64.ActiveCfg = Debug|x64
		{17DC587B-A9A5-4AE2-AA6B-F51892C8F5C7}.Debug|x64.Build.0 = Debug|x64
		{17DC587B-A9A5-4AE2-AA6B-F51892C8F5C7}.Debug|x86.ActiveCfg = Debug|Win32
		{17DC587B-A9A5-4AE2-AA6B-F51892C8F5C7}.Debug|x86.Build.0 = Debug|Win32
		{17DC587B-A9A5-4AE2-AA6B-F51892C8F5C7}.Release|x64.ActiveCfg = Release|x64
		{17DC587B-A9A5-4AE2-AA6B-F51892C8F5C7}.Release|x64.Build.0 = Release|x64
		{17DC587B-A9A5-4AE2-AA6B-F51892C8F5C7}.Release|x86.ActiveCfg = Release|Win32
		{17DC587B-A9A5-4AE2-AA6B-F51892C8F5C7}.Release|x86.Build.0 = Release|Win32
	EndGlobalSection
	GlobalSection(SolutionProperties) = preSolution
		HideSolutionNode = FALSE
	EndGlobalSection
	GlobalSection(ExtensibilityGlobals) = postSolution
		SolutionGuid = {78879A03-19A7-4081-B71A-3EE9AFCACA8E}
	EndGlobalSection
EndGlobal
